
Microsoft Visual Studio Solution File, Format Version 12.00
# Visual Studio Version 16
VisualStudioVersion = 16.0.29326.143
MinimumVisualStudioVersion = 10.0.40219.1
Project("{FAE04EC0-301F-11D3-BF4B-00C04F79EFBC}") = "Week4Ora1", "Week4Ora1.csproj", "{482175B4-13D3-40C2-B7E8-99751A146575}"
EndProject
Project("{FAE04EC0-301F-11D3-BF4B-00C04F79EFBC}") = "StudentProject", "..\StudentProject\StudentProject.csproj", "{6773F759-7EB4-406B-A9B2-D192FF791D42}"
EndProject
Project("{FAE04EC0-301F-11D3-BF4B-00C04F79EFBC}") = "Exercitiu1", "..\Exercitiu1\Exercitiu1.csproj", "{BCEE8BE1-523B-44D4-9B2B-429D3A6D6459}"
EndProject
Project("{FAE04EC0-301F-11D3-BF4B-00C04F79EFBC}") = "Exercitiu3", "..\Hotel\Exercitiu3.csproj", "{3692C4B7-7549-4697-95DD-68DDAE1A420E}"
EndProject
Project("{FAE04EC0-301F-11D3-BF4B-00C04F79EFBC}") = "Exercitiu2", "..\Exercitiu2\Exercitiu2.csproj", "{2CDF6546-C59B-496B-AE94-0FC9351EDACC}"
EndProject
Project("{FAE04EC0-301F-11D3-BF4B-00C04F79EFBC}") = "Exercitiu4", "..\Exercitiu4\Exercitiu4.csproj", "{D57AA6E6-69BE-4BA4-BCDB-AFFF1B3C8FC1}"
EndProject
Project("{FAE04EC0-301F-11D3-BF4B-00C04F79EFBC}") = "Exercitiu5", "..\Exercitiu5\Exercitiu5.csproj", "{CB9D1217-2DF7-4F95-8C9D-EE59C9801E61}"
EndProject
Global
	GlobalSection(SolutionConfigurationPlatforms) = preSolution
		Debug|Any CPU = Debug|Any CPU
		Release|Any CPU = Release|Any CPU
	EndGlobalSection
	GlobalSection(ProjectConfigurationPlatforms) = postSolution
		{482175B4-13D3-40C2-B7E8-99751A146575}.Debug|Any CPU.ActiveCfg = Debug|Any CPU
		{482175B4-13D3-40C2-B7E8-99751A146575}.Debug|Any CPU.Build.0 = Debug|Any CPU
		{482175B4-13D3-40C2-B7E8-99751A146575}.Release|Any CPU.ActiveCfg = Release|Any CPU
		{482175B4-13D3-40C2-B7E8-99751A146575}.Release|Any CPU.Build.0 = Release|Any CPU
		{6773F759-7EB4-406B-A9B2-D192FF791D42}.Debug|Any CPU.ActiveCfg = Debug|Any CPU
		{6773F759-7EB4-406B-A9B2-D192FF791D42}.Debug|Any CPU.Build.0 = Debug|Any CPU
		{6773F759-7EB4-406B-A9B2-D192FF791D42}.Release|Any CPU.ActiveCfg = Release|Any CPU
		{6773F759-7EB4-406B-A9B2-D192FF791D42}.Release|Any CPU.Build.0 = Release|Any CPU
		{BCEE8BE1-523B-44D4-9B2B-429D3A6D6459}.Debug|Any CPU.ActiveCfg = Debug|Any CPU
		{BCEE8BE1-523B-44D4-9B2B-429D3A6D6459}.Debug|Any CPU.Build.0 = Debug|Any CPU
		{BCEE8BE1-523B-44D4-9B2B-429D3A6D6459}.Release|Any CPU.ActiveCfg = Release|Any CPU
		{BCEE8BE1-523B-44D4-9B2B-429D3A6D6459}.Release|Any CPU.Build.0 = Release|Any CPU
		{3692C4B7-7549-4697-95DD-68DDAE1A420E}.Debug|Any CPU.ActiveCfg = Debug|Any CPU
		{3692C4B7-7549-4697-95DD-68DDAE1A420E}.Debug|Any CPU.Build.0 = Debug|Any CPU
		{3692C4B7-7549-4697-95DD-68DDAE1A420E}.Release|Any CPU.ActiveCfg = Release|Any CPU
		{3692C4B7-7549-4697-95DD-68DDAE1A420E}.Release|Any CPU.Build.0 = Release|Any CPU
		{2CDF6546-C59B-496B-AE94-0FC9351EDACC}.Debug|Any CPU.ActiveCfg = Debug|Any CPU
		{2CDF6546-C59B-496B-AE94-0FC9351EDACC}.Debug|Any CPU.Build.0 = Debug|Any CPU
		{2CDF6546-C59B-496B-AE94-0FC9351EDACC}.Release|Any CPU.ActiveCfg = Release|Any CPU
		{2CDF6546-C59B-496B-AE94-0FC9351EDACC}.Release|Any CPU.Build.0 = Release|Any CPU
		{D57AA6E6-69BE-4BA4-BCDB-AFFF1B3C8FC1}.Debug|Any CPU.ActiveCfg = Debug|Any CPU
		{D57AA6E6-69BE-4BA4-BCDB-AFFF1B3C8FC1}.Debug|Any CPU.Build.0 = Debug|Any CPU
		{D57AA6E6-69BE-4BA4-BCDB-AFFF1B3C8FC1}.Release|Any CPU.ActiveCfg = Release|Any CPU
		{D57AA6E6-69BE-4BA4-BCDB-AFFF1B3C8FC1}.Release|Any CPU.Build.0 = Release|Any CPU
		{CB9D1217-2DF7-4F95-8C9D-EE59C9801E61}.Debug|Any CPU.ActiveCfg = Debug|Any CPU
		{CB9D1217-2DF7-4F95-8C9D-EE59C9801E61}.Debug|Any CPU.Build.0 = Debug|Any CPU
		{CB9D1217-2DF7-4F95-8C9D-EE59C9801E61}.Release|Any CPU.ActiveCfg = Release|Any CPU
		{CB9D1217-2DF7-4F95-8C9D-EE59C9801E61}.Release|Any CPU.Build.0 = Release|Any CPU
	EndGlobalSection
	GlobalSection(SolutionProperties) = preSolution
		HideSolutionNode = FALSE
	EndGlobalSection
	GlobalSection(ExtensibilityGlobals) = postSolution
		SolutionGuid = {B84B72F5-A5FD-4D39-B763-2BF353CDB1D2}
	EndGlobalSection
EndGlobal
